// !$*UTF8*$!
{
	archiveVersion = 1;
	classes = {
	};
	objectVersion = 50;
	objects = {

/* Begin PBXBuildFile section */
		B150E8AB25B4A4F200C215F3 /* word_maker WatchKit App.app in Embed Watch Content */ = {isa = PBXBuildFile; fileRef = B150E8AA25B4A4F200C215F3 /* word_maker WatchKit App.app */; settings = {ATTRIBUTES = (RemoveHeadersOnCopy, ); }; };
		B150E8B025B4A4F300C215F3 /* Assets.xcassets in Resources */ = {isa = PBXBuildFile; fileRef = B150E8AF25B4A4F300C215F3 /* Assets.xcassets */; };
		B150E8B725B4A4F300C215F3 /* word_maker WatchKit Extension.appex in Embed App Extensions */ = {isa = PBXBuildFile; fileRef = B150E8B625B4A4F300C215F3 /* word_maker WatchKit Extension.appex */; settings = {ATTRIBUTES = (RemoveHeadersOnCopy, ); }; };
		B150E8BC25B4A4F300C215F3 /* ContentView.swift in Sources */ = {isa = PBXBuildFile; fileRef = B150E8BB25B4A4F300C215F3 /* ContentView.swift */; };
		B150E8BE25B4A4F300C215F3 /* WordApp.swift in Sources */ = {isa = PBXBuildFile; fileRef = B150E8BD25B4A4F300C215F3 /* WordApp.swift */; };
		B150E8C025B4A4F300C215F3 /* ComplicationController.swift in Sources */ = {isa = PBXBuildFile; fileRef = B150E8BF25B4A4F300C215F3 /* ComplicationController.swift */; };
		B150E8C225B4A4F400C215F3 /* Assets.xcassets in Resources */ = {isa = PBXBuildFile; fileRef = B150E8C125B4A4F400C215F3 /* Assets.xcassets */; };
		B150E8C525B4A4F400C215F3 /* Preview Assets.xcassets in Resources */ = {isa = PBXBuildFile; fileRef = B150E8C425B4A4F400C215F3 /* Preview Assets.xcassets */; };
		B150E93625B4AC5400C215F3 /* Aldrich-Regular.ttf in Resources */ = {isa = PBXBuildFile; fileRef = B150E92B25B4AC5400C215F3 /* Aldrich-Regular.ttf */; };
		B150E93725B4AC5400C215F3 /* Localizable.strings in Resources */ = {isa = PBXBuildFile; fileRef = B150E92D25B4AC5400C215F3 /* Localizable.strings */; };
		D097D46129325E1600D7F3E7 /* word_5.txt in Resources */ = {isa = PBXBuildFile; fileRef = D097D45A29325E1400D7F3E7 /* word_5.txt */; };
		D097D46229325E1600D7F3E7 /* word_8.txt in Resources */ = {isa = PBXBuildFile; fileRef = D097D45B29325E1400D7F3E7 /* word_8.txt */; };
		D097D46329325E1600D7F3E7 /* word_4.txt in Resources */ = {isa = PBXBuildFile; fileRef = D097D45C29325E1500D7F3E7 /* word_4.txt */; };
		D097D46429325E1600D7F3E7 /* word_6.txt in Resources */ = {isa = PBXBuildFile; fileRef = D097D45D29325E1500D7F3E7 /* word_6.txt */; };
		D097D46529325E1600D7F3E7 /* word_3.txt in Resources */ = {isa = PBXBuildFile; fileRef = D097D45E29325E1600D7F3E7 /* word_3.txt */; };
		D097D46629325E1600D7F3E7 /* word_9.txt in Resources */ = {isa = PBXBuildFile; fileRef = D097D45F29325E1600D7F3E7 /* word_9.txt */; };
		D097D46729325E1600D7F3E7 /* word_7.txt in Resources */ = {isa = PBXBuildFile; fileRef = D097D46029325E1600D7F3E7 /* word_7.txt */; };
		D097D46929325EB000D7F3E7 /* WordHelper.swift in Sources */ = {isa = PBXBuildFile; fileRef = D097D46829325EB000D7F3E7 /* WordHelper.swift */; };
		D097D46B29326D1000D7F3E7 /* ResultView.swift in Sources */ = {isa = PBXBuildFile; fileRef = D097D46A29326D1000D7F3E7 /* ResultView.swift */; };
		D097D46D2932929E00D7F3E7 /* TitleView.swift in Sources */ = {isa = PBXBuildFile; fileRef = D097D46C2932929E00D7F3E7 /* TitleView.swift */; };
		D0AB76AD29319D6B0035C3C6 /* MainView.swift in Sources */ = {isa = PBXBuildFile; fileRef = D0AB76AC29319D6B0035C3C6 /* MainView.swift */; };
		D0AB76AF2931A2ED0035C3C6 /* LetterView.swift in Sources */ = {isa = PBXBuildFile; fileRef = D0AB76AE2931A2ED0035C3C6 /* LetterView.swift */; };
		D0AB76B12931A36D0035C3C6 /* WordView.swift in Sources */ = {isa = PBXBuildFile; fileRef = D0AB76B02931A36D0035C3C6 /* WordView.swift */; };
		D0AB76B32931DFEB0035C3C6 /* GameView.swift in Sources */ = {isa = PBXBuildFile; fileRef = D0AB76B22931DFEB0035C3C6 /* GameView.swift */; };
/* End PBXBuildFile section */

/* Begin PBXContainerItemProxy section */
		B150E8AC25B4A4F200C215F3 /* PBXContainerItemProxy */ = {
			isa = PBXContainerItemProxy;
			containerPortal = B150E8A025B4A4F100C215F3 /* Project object */;
			proxyType = 1;
			remoteGlobalIDString = B150E8A925B4A4F200C215F3;
			remoteInfo = "word_maker WatchKit App";
		};
		B150E8B825B4A4F300C215F3 /* PBXContainerItemProxy */ = {
			isa = PBXContainerItemProxy;
			containerPortal = B150E8A025B4A4F100C215F3 /* Project object */;
			proxyType = 1;
			remoteGlobalIDString = B150E8B525B4A4F300C215F3;
			remoteInfo = "word_maker WatchKit Extension";
		};
/* End PBXContainerItemProxy section */

/* Begin PBXCopyFilesBuildPhase section */
		B150E8CC25B4A4F400C215F3 /* Embed App Extensions */ = {
			isa = PBXCopyFilesBuildPhase;
			buildActionMask = 2147483647;
			dstPath = "";
			dstSubfolderSpec = 13;
			files = (
				B150E8B725B4A4F300C215F3 /* word_maker WatchKit Extension.appex in Embed App Extensions */,
			);
			name = "Embed App Extensions";
			runOnlyForDeploymentPostprocessing = 0;
		};
		B150E8D025B4A4F400C215F3 /* Embed Watch Content */ = {
			isa = PBXCopyFilesBuildPhase;
			buildActionMask = 2147483647;
			dstPath = "$(CONTENTS_FOLDER_PATH)/Watch";
			dstSubfolderSpec = 16;
			files = (
				B150E8AB25B4A4F200C215F3 /* word_maker WatchKit App.app in Embed Watch Content */,
			);
			name = "Embed Watch Content";
			runOnlyForDeploymentPostprocessing = 0;
		};
/* End PBXCopyFilesBuildPhase section */

/* Begin PBXFileReference section */
		B150E8A625B4A4F100C215F3 /* Boxman.app */ = {isa = PBXFileReference; explicitFileType = wrapper.application; includeInIndex = 0; path = Boxman.app; sourceTree = BUILT_PRODUCTS_DIR; };
		B150E8AA25B4A4F200C215F3 /* word_maker WatchKit App.app */ = {isa = PBXFileReference; explicitFileType = wrapper.application; includeInIndex = 0; path = "word_maker WatchKit App.app"; sourceTree = BUILT_PRODUCTS_DIR; };
		B150E8AF25B4A4F300C215F3 /* Assets.xcassets */ = {isa = PBXFileReference; lastKnownFileType = folder.assetcatalog; path = Assets.xcassets; sourceTree = "<group>"; };
		B150E8B125B4A4F300C215F3 /* Info.plist */ = {isa = PBXFileReference; lastKnownFileType = text.plist.xml; path = Info.plist; sourceTree = "<group>"; };
		B150E8B625B4A4F300C215F3 /* word_maker WatchKit Extension.appex */ = {isa = PBXFileReference; explicitFileType = "wrapper.app-extension"; includeInIndex = 0; path = "word_maker WatchKit Extension.appex"; sourceTree = BUILT_PRODUCTS_DIR; };
		B150E8BB25B4A4F300C215F3 /* ContentView.swift */ = {isa = PBXFileReference; lastKnownFileType = sourcecode.swift; path = ContentView.swift; sourceTree = "<group>"; };
		B150E8BD25B4A4F300C215F3 /* WordApp.swift */ = {isa = PBXFileReference; lastKnownFileType = sourcecode.swift; path = WordApp.swift; sourceTree = "<group>"; };
		B150E8BF25B4A4F300C215F3 /* ComplicationController.swift */ = {isa = PBXFileReference; lastKnownFileType = sourcecode.swift; path = ComplicationController.swift; sourceTree = "<group>"; };
		B150E8C125B4A4F400C215F3 /* Assets.xcassets */ = {isa = PBXFileReference; lastKnownFileType = folder.assetcatalog; path = Assets.xcassets; sourceTree = "<group>"; };
		B150E8C425B4A4F400C215F3 /* Preview Assets.xcassets */ = {isa = PBXFileReference; lastKnownFileType = folder.assetcatalog; path = "Preview Assets.xcassets"; sourceTree = "<group>"; };
		B150E8C625B4A4F400C215F3 /* Info.plist */ = {isa = PBXFileReference; lastKnownFileType = text.plist.xml; path = Info.plist; sourceTree = "<group>"; };
		B150E92B25B4AC5400C215F3 /* Aldrich-Regular.ttf */ = {isa = PBXFileReference; lastKnownFileType = file; path = "Aldrich-Regular.ttf"; sourceTree = "<group>"; };
		B150E92D25B4AC5400C215F3 /* Localizable.strings */ = {isa = PBXFileReference; fileEncoding = 4; lastKnownFileType = text.plist.strings; path = Localizable.strings; sourceTree = "<group>"; };
		D097D45A29325E1400D7F3E7 /* word_5.txt */ = {isa = PBXFileReference; fileEncoding = 4; lastKnownFileType = text; path = word_5.txt; sourceTree = "<group>"; };
		D097D45B29325E1400D7F3E7 /* word_8.txt */ = {isa = PBXFileReference; fileEncoding = 4; lastKnownFileType = text; path = word_8.txt; sourceTree = "<group>"; };
		D097D45C29325E1500D7F3E7 /* word_4.txt */ = {isa = PBXFileReference; fileEncoding = 4; lastKnownFileType = text; path = word_4.txt; sourceTree = "<group>"; };
		D097D45D29325E1500D7F3E7 /* word_6.txt */ = {isa = PBXFileReference; fileEncoding = 4; lastKnownFileType = text; path = word_6.txt; sourceTree = "<group>"; };
		D097D45E29325E1600D7F3E7 /* word_3.txt */ = {isa = PBXFileReference; fileEncoding = 4; lastKnownFileType = text; path = word_3.txt; sourceTree = "<group>"; };
		D097D45F29325E1600D7F3E7 /* word_9.txt */ = {isa = PBXFileReference; fileEncoding = 4; lastKnownFileType = text; path = word_9.txt; sourceTree = "<group>"; };
		D097D46029325E1600D7F3E7 /* word_7.txt */ = {isa = PBXFileReference; fileEncoding = 4; lastKnownFileType = text; path = word_7.txt; sourceTree = "<group>"; };
		D097D46829325EB000D7F3E7 /* WordHelper.swift */ = {isa = PBXFileReference; lastKnownFileType = sourcecode.swift; path = WordHelper.swift; sourceTree = "<group>"; };
		D097D46A29326D1000D7F3E7 /* ResultView.swift */ = {isa = PBXFileReference; lastKnownFileType = sourcecode.swift; path = ResultView.swift; sourceTree = "<group>"; };
		D097D46C2932929E00D7F3E7 /* TitleView.swift */ = {isa = PBXFileReference; lastKnownFileType = sourcecode.swift; path = TitleView.swift; sourceTree = "<group>"; };
		D0AB76AC29319D6B0035C3C6 /* MainView.swift */ = {isa = PBXFileReference; lastKnownFileType = sourcecode.swift; path = MainView.swift; sourceTree = "<group>"; };
		D0AB76AE2931A2ED0035C3C6 /* LetterView.swift */ = {isa = PBXFileReference; lastKnownFileType = sourcecode.swift; path = LetterView.swift; sourceTree = "<group>"; };
		D0AB76B02931A36D0035C3C6 /* WordView.swift */ = {isa = PBXFileReference; lastKnownFileType = sourcecode.swift; path = WordView.swift; sourceTree = "<group>"; };
		D0AB76B22931DFEB0035C3C6 /* GameView.swift */ = {isa = PBXFileReference; lastKnownFileType = sourcecode.swift; path = GameView.swift; sourceTree = "<group>"; };
/* End PBXFileReference section */

/* Begin PBXFrameworksBuildPhase section */
		B150E8B325B4A4F300C215F3 /* Frameworks */ = {
			isa = PBXFrameworksBuildPhase;
			buildActionMask = 2147483647;
			files = (
			);
			runOnlyForDeploymentPostprocessing = 0;
		};
/* End PBXFrameworksBuildPhase section */

/* Begin PBXGroup section */
		B150E89F25B4A4F100C215F3 = {
			isa = PBXGroup;
			children = (
				B150E8AE25B4A4F200C215F3 /* word_maker WatchKit App */,
				B150E8BA25B4A4F300C215F3 /* word_maker WatchKit Extension */,
				B150E8A725B4A4F100C215F3 /* Products */,
			);
			sourceTree = "<group>";
		};
		B150E8A725B4A4F100C215F3 /* Products */ = {
			isa = PBXGroup;
			children = (
				B150E8A625B4A4F100C215F3 /* Boxman.app */,
				B150E8AA25B4A4F200C215F3 /* word_maker WatchKit App.app */,
				B150E8B625B4A4F300C215F3 /* word_maker WatchKit Extension.appex */,
			);
			name = Products;
			sourceTree = "<group>";
		};
		B150E8AE25B4A4F200C215F3 /* word_maker WatchKit App */ = {
			isa = PBXGroup;
			children = (
				B150E8AF25B4A4F300C215F3 /* Assets.xcassets */,
				B150E8B125B4A4F300C215F3 /* Info.plist */,
			);
			path = "word_maker WatchKit App";
			sourceTree = "<group>";
		};
		B150E8BA25B4A4F300C215F3 /* word_maker WatchKit Extension */ = {
			isa = PBXGroup;
			children = (
				B150E92625B4AB0800C215F3 /* asset */,
				B150E8BD25B4A4F300C215F3 /* WordApp.swift */,
				B150E8BB25B4A4F300C215F3 /* ContentView.swift */,
				B150E8BF25B4A4F300C215F3 /* ComplicationController.swift */,
				B150E8C125B4A4F400C215F3 /* Assets.xcassets */,
				B150E8C625B4A4F400C215F3 /* Info.plist */,
				B150E8C325B4A4F400C215F3 /* Preview Content */,
				D0AB76AC29319D6B0035C3C6 /* MainView.swift */,
				D0AB76AE2931A2ED0035C3C6 /* LetterView.swift */,
				D0AB76B02931A36D0035C3C6 /* WordView.swift */,
				D0AB76B22931DFEB0035C3C6 /* GameView.swift */,
				D097D46829325EB000D7F3E7 /* WordHelper.swift */,
				D097D46A29326D1000D7F3E7 /* ResultView.swift */,
				D097D46C2932929E00D7F3E7 /* TitleView.swift */,
			);
			path = "word_maker WatchKit Extension";
			sourceTree = "<group>";
		};
		B150E8C325B4A4F400C215F3 /* Preview Content */ = {
			isa = PBXGroup;
			children = (
				B150E8C425B4A4F400C215F3 /* Preview Assets.xcassets */,
			);
			path = "Preview Content";
			sourceTree = "<group>";
		};
		B150E92625B4AB0800C215F3 /* asset */ = {
			isa = PBXGroup;
			children = (
				B150E92E25B4AC5400C215F3 /* word */,
				B150E92C25B4AC5400C215F3 /* locale */,
				B150E92A25B4AC5400C215F3 /* font */,
			);
			path = asset;
			sourceTree = "<group>";
		};
		B150E92A25B4AC5400C215F3 /* font */ = {
			isa = PBXGroup;
			children = (
				B150E92B25B4AC5400C215F3 /* Aldrich-Regular.ttf */,
			);
			path = font;
			sourceTree = "<group>";
		};
		B150E92C25B4AC5400C215F3 /* locale */ = {
			isa = PBXGroup;
			children = (
				B150E92D25B4AC5400C215F3 /* Localizable.strings */,
			);
			path = locale;
			sourceTree = "<group>";
		};
		B150E92E25B4AC5400C215F3 /* word */ = {
			isa = PBXGroup;
			children = (
				D097D45E29325E1600D7F3E7 /* word_3.txt */,
				D097D45C29325E1500D7F3E7 /* word_4.txt */,
				D097D45A29325E1400D7F3E7 /* word_5.txt */,
				D097D45D29325E1500D7F3E7 /* word_6.txt */,
				D097D46029325E1600D7F3E7 /* word_7.txt */,
				D097D45B29325E1400D7F3E7 /* word_8.txt */,
				D097D45F29325E1600D7F3E7 /* word_9.txt */,
			);
			path = word;
			sourceTree = "<group>";
		};
/* End PBXGroup section */

/* Begin PBXNativeTarget section */
		B150E8A525B4A4F100C215F3 /* word_maker */ = {
			isa = PBXNativeTarget;
			buildConfigurationList = B150E8D125B4A4F400C215F3 /* Build configuration list for PBXNativeTarget "word_maker" */;
			buildPhases = (
				B150E8A425B4A4F100C215F3 /* Resources */,
				B150E8D025B4A4F400C215F3 /* Embed Watch Content */,
			);
			buildRules = (
			);
			dependencies = (
				B150E8AD25B4A4F200C215F3 /* PBXTargetDependency */,
			);
			name = word_maker;
			productName = word_maker;
			productReference = B150E8A625B4A4F100C215F3 /* Boxman.app */;
			productType = "com.apple.product-type.application.watchapp2-container";
		};
		B150E8A925B4A4F200C215F3 /* word_maker WatchKit App */ = {
			isa = PBXNativeTarget;
			buildConfigurationList = B150E8CD25B4A4F400C215F3 /* Build configuration list for PBXNativeTarget "word_maker WatchKit App" */;
			buildPhases = (
				B150E8A825B4A4F200C215F3 /* Resources */,
				B150E8CC25B4A4F400C215F3 /* Embed App Extensions */,
			);
			buildRules = (
			);
			dependencies = (
				B150E8B925B4A4F300C215F3 /* PBXTargetDependency */,
			);
			name = "word_maker WatchKit App";
			productName = "word_maker WatchKit App";
			productReference = B150E8AA25B4A4F200C215F3 /* word_maker WatchKit App.app */;
			productType = "com.apple.product-type.application.watchapp2";
		};
		B150E8B525B4A4F300C215F3 /* word_maker WatchKit Extension */ = {
			isa = PBXNativeTarget;
			buildConfigurationList = B150E8C925B4A4F400C215F3 /* Build configuration list for PBXNativeTarget "word_maker WatchKit Extension" */;
			buildPhases = (
				B150E8B225B4A4F300C215F3 /* Sources */,
				B150E8B325B4A4F300C215F3 /* Frameworks */,
				B150E8B425B4A4F300C215F3 /* Resources */,
			);
			buildRules = (
			);
			dependencies = (
			);
			name = "word_maker WatchKit Extension";
			productName = "word_maker WatchKit Extension";
			productReference = B150E8B625B4A4F300C215F3 /* word_maker WatchKit Extension.appex */;
			productType = "com.apple.product-type.watchkit2-extension";
		};
/* End PBXNativeTarget section */

/* Begin PBXProject section */
		B150E8A025B4A4F100C215F3 /* Project object */ = {
			isa = PBXProject;
			attributes = {
				LastSwiftUpdateCheck = 1230;
				LastUpgradeCheck = 1230;
				TargetAttributes = {
					B150E8A525B4A4F100C215F3 = {
						CreatedOnToolsVersion = 12.3;
					};
					B150E8A925B4A4F200C215F3 = {
						CreatedOnToolsVersion = 12.3;
					};
					B150E8B525B4A4F300C215F3 = {
						CreatedOnToolsVersion = 12.3;
					};
				};
			};
			buildConfigurationList = B150E8A325B4A4F100C215F3 /* Build configuration list for PBXProject "word_maker" */;
			compatibilityVersion = "Xcode 9.3";
			developmentRegion = en;
			hasScannedForEncodings = 0;
			knownRegions = (
				en,
				Base,
			);
			mainGroup = B150E89F25B4A4F100C215F3;
			productRefGroup = B150E8A725B4A4F100C215F3 /* Products */;
			projectDirPath = "";
			projectRoot = "";
			targets = (
				B150E8A525B4A4F100C215F3 /* word_maker */,
				B150E8A925B4A4F200C215F3 /* word_maker WatchKit App */,
				B150E8B525B4A4F300C215F3 /* word_maker WatchKit Extension */,
			);
		};
/* End PBXProject section */

/* Begin PBXResourcesBuildPhase section */
		B150E8A425B4A4F100C215F3 /* Resources */ = {
			isa = PBXResourcesBuildPhase;
			buildActionMask = 2147483647;
			files = (
			);
			runOnlyForDeploymentPostprocessing = 0;
		};
		B150E8A825B4A4F200C215F3 /* Resources */ = {
			isa = PBXResourcesBuildPhase;
			buildActionMask = 2147483647;
			files = (
				B150E8B025B4A4F300C215F3 /* Assets.xcassets in Resources */,
			);
			runOnlyForDeploymentPostprocessing = 0;
		};
		B150E8B425B4A4F300C215F3 /* Resources */ = {
			isa = PBXResourcesBuildPhase;
			buildActionMask = 2147483647;
			files = (
				B150E8C525B4A4F400C215F3 /* Preview Assets.xcassets in Resources */,
				D097D46329325E1600D7F3E7 /* word_4.txt in Resources */,
				D097D46629325E1600D7F3E7 /* word_9.txt in Resources */,
				D097D46129325E1600D7F3E7 /* word_5.txt in Resources */,
				B150E93725B4AC5400C215F3 /* Localizable.strings in Resources */,
				B150E93625B4AC5400C215F3 /* Aldrich-Regular.ttf in Resources */,
				D097D46729325E1600D7F3E7 /* word_7.txt in Resources */,
				D097D46229325E1600D7F3E7 /* word_8.txt in Resources */,
				D097D46429325E1600D7F3E7 /* word_6.txt in Resources */,
				D097D46529325E1600D7F3E7 /* word_3.txt in Resources */,
				B150E8C225B4A4F400C215F3 /* Assets.xcassets in Resources */,
			);
			runOnlyForDeploymentPostprocessing = 0;
		};
/* End PBXResourcesBuildPhase section */

/* Begin PBXSourcesBuildPhase section */
		B150E8B225B4A4F300C215F3 /* Sources */ = {
			isa = PBXSourcesBuildPhase;
			buildActionMask = 2147483647;
			files = (
				D0AB76AD29319D6B0035C3C6 /* MainView.swift in Sources */,
				B150E8BC25B4A4F300C215F3 /* ContentView.swift in Sources */,
				D097D46B29326D1000D7F3E7 /* ResultView.swift in Sources */,
				D0AB76B12931A36D0035C3C6 /* WordView.swift in Sources */,
				B150E8BE25B4A4F300C215F3 /* WordApp.swift in Sources */,
				B150E8C025B4A4F300C215F3 /* ComplicationController.swift in Sources */,
				D0AB76AF2931A2ED0035C3C6 /* LetterView.swift in Sources */,
				D0AB76B32931DFEB0035C3C6 /* GameView.swift in Sources */,
				D097D46929325EB000D7F3E7 /* WordHelper.swift in Sources */,
				D097D46D2932929E00D7F3E7 /* TitleView.swift in Sources */,
			);
			runOnlyForDeploymentPostprocessing = 0;
		};
/* End PBXSourcesBuildPhase section */

/* Begin PBXTargetDependency section */
		B150E8AD25B4A4F200C215F3 /* PBXTargetDependency */ = {
			isa = PBXTargetDependency;
			target = B150E8A925B4A4F200C215F3 /* word_maker WatchKit App */;
			targetProxy = B150E8AC25B4A4F200C215F3 /* PBXContainerItemProxy */;
		};
		B150E8B925B4A4F300C215F3 /* PBXTargetDependency */ = {
			isa = PBXTargetDependency;
			target = B150E8B525B4A4F300C215F3 /* word_maker WatchKit Extension */;
			targetProxy = B150E8B825B4A4F300C215F3 /* PBXContainerItemProxy */;
		};
/* End PBXTargetDependency section */

/* Begin XCBuildConfiguration section */
		B150E8C725B4A4F400C215F3 /* Debug */ = {
			isa = XCBuildConfiguration;
			buildSettings = {
				ALWAYS_SEARCH_USER_PATHS = NO;
				CLANG_ANALYZER_NONNULL = YES;
				CLANG_ANALYZER_NUMBER_OBJECT_CONVERSION = YES_AGGRESSIVE;
				CLANG_CXX_LANGUAGE_STANDARD = "gnu++14";
				CLANG_CXX_LIBRARY = "libc++";
				CLANG_ENABLE_MODULES = YES;
				CLANG_ENABLE_OBJC_ARC = YES;
				CLANG_ENABLE_OBJC_WEAK = YES;
				CLANG_WARN_BLOCK_CAPTURE_AUTORELEASING = YES;
				CLANG_WARN_BOOL_CONVERSION = YES;
				CLANG_WARN_COMMA = YES;
				CLANG_WARN_CONSTANT_CONVERSION = YES;
				CLANG_WARN_DEPRECATED_OBJC_IMPLEMENTATIONS = YES;
				CLANG_WARN_DIRECT_OBJC_ISA_USAGE = YES_ERROR;
				CLANG_WARN_DOCUMENTATION_COMMENTS = YES;
				CLANG_WARN_EMPTY_BODY = YES;
				CLANG_WARN_ENUM_CONVERSION = YES;
				CLANG_WARN_INFINITE_RECURSION = YES;
				CLANG_WARN_INT_CONVERSION = YES;
				CLANG_WARN_NON_LITERAL_NULL_CONVERSION = YES;
				CLANG_WARN_OBJC_IMPLICIT_RETAIN_SELF = YES;
				CLANG_WARN_OBJC_LITERAL_CONVERSION = YES;
				CLANG_WARN_OBJC_ROOT_CLASS = YES_ERROR;
				CLANG_WARN_QUOTED_INCLUDE_IN_FRAMEWORK_HEADER = YES;
				CLANG_WARN_RANGE_LOOP_ANALYSIS = YES;
				CLANG_WARN_STRICT_PROTOTYPES = YES;
				CLANG_WARN_SUSPICIOUS_MOVE = YES;
				CLANG_WARN_UNGUARDED_AVAILABILITY = YES_AGGRESSIVE;
				CLANG_WARN_UNREACHABLE_CODE = YES;
				CLANG_WARN__DUPLICATE_METHOD_MATCH = YES;
				COPY_PHASE_STRIP = NO;
				DEBUG_INFORMATION_FORMAT = dwarf;
				ENABLE_STRICT_OBJC_MSGSEND = YES;
				ENABLE_TESTABILITY = YES;
				GCC_C_LANGUAGE_STANDARD = gnu11;
				GCC_DYNAMIC_NO_PIC = NO;
				GCC_NO_COMMON_BLOCKS = YES;
				GCC_OPTIMIZATION_LEVEL = 0;
				GCC_PREPROCESSOR_DEFINITIONS = (
					"DEBUG=1",
					"$(inherited)",
				);
				GCC_WARN_64_TO_32_BIT_CONVERSION = YES;
				GCC_WARN_ABOUT_RETURN_TYPE = YES_ERROR;
				GCC_WARN_UNDECLARED_SELECTOR = YES;
				GCC_WARN_UNINITIALIZED_AUTOS = YES_AGGRESSIVE;
				GCC_WARN_UNUSED_FUNCTION = YES;
				GCC_WARN_UNUSED_VARIABLE = YES;
				MTL_ENABLE_DEBUG_INFO = INCLUDE_SOURCE;
				MTL_FAST_MATH = YES;
				ONLY_ACTIVE_ARCH = YES;
				SDKROOT = iphoneos;
				SWIFT_ACTIVE_COMPILATION_CONDITIONS = DEBUG;
				SWIFT_OPTIMIZATION_LEVEL = "-Onone";
			};
			name = Debug;
		};
		B150E8C825B4A4F400C215F3 /* Release */ = {
			isa = XCBuildConfiguration;
			buildSettings = {
				ALWAYS_SEARCH_USER_PATHS = NO;
				CLANG_ANALYZER_NONNULL = YES;
				CLANG_ANALYZER_NUMBER_OBJECT_CONVERSION = YES_AGGRESSIVE;
				CLANG_CXX_LANGUAGE_STANDARD = "gnu++14";
				CLANG_CXX_LIBRARY = "libc++";
				CLANG_ENABLE_MODULES = YES;
				CLANG_ENABLE_OBJC_ARC = YES;
				CLANG_ENABLE_OBJC_WEAK = YES;
				CLANG_WARN_BLOCK_CAPTURE_AUTORELEASING = YES;
				CLANG_WARN_BOOL_CONVERSION = YES;
				CLANG_WARN_COMMA = YES;
				CLANG_WARN_CONSTANT_CONVERSION = YES;
				CLANG_WARN_DEPRECATED_OBJC_IMPLEMENTATIONS = YES;
				CLANG_WARN_DIRECT_OBJC_ISA_USAGE = YES_ERROR;
				CLANG_WARN_DOCUMENTATION_COMMENTS = YES;
				CLANG_WARN_EMPTY_BODY = YES;
				CLANG_WARN_ENUM_CONVERSION = YES;
				CLANG_WARN_INFINITE_RECURSION = YES;
				CLANG_WARN_INT_CONVERSION = YES;
				CLANG_WARN_NON_LITERAL_NULL_CONVERSION = YES;
				CLANG_WARN_OBJC_IMPLICIT_RETAIN_SELF = YES;
				CLANG_WARN_OBJC_LITERAL_CONVERSION = YES;
				CLANG_WARN_OBJC_ROOT_CLASS = YES_ERROR;
				CLANG_WARN_QUOTED_INCLUDE_IN_FRAMEWORK_HEADER = YES;
				CLANG_WARN_RANGE_LOOP_ANALYSIS = YES;
				CLANG_WARN_STRICT_PROTOTYPES = YES;
				CLANG_WARN_SUSPICIOUS_MOVE = YES;
				CLANG_WARN_UNGUARDED_AVAILABILITY = YES_AGGRESSIVE;
				CLANG_WARN_UNREACHABLE_CODE = YES;
				CLANG_WARN__DUPLICATE_METHOD_MATCH = YES;
				COPY_PHASE_STRIP = NO;
				DEBUG_INFORMATION_FORMAT = "dwarf-with-dsym";
				ENABLE_NS_ASSERTIONS = NO;
				ENABLE_STRICT_OBJC_MSGSEND = YES;
				GCC_C_LANGUAGE_STANDARD = gnu11;
				GCC_NO_COMMON_BLOCKS = YES;
				GCC_WARN_64_TO_32_BIT_CONVERSION = YES;
				GCC_WARN_ABOUT_RETURN_TYPE = YES_ERROR;
				GCC_WARN_UNDECLARED_SELECTOR = YES;
				GCC_WARN_UNINITIALIZED_AUTOS = YES_AGGRESSIVE;
				GCC_WARN_UNUSED_FUNCTION = YES;
				GCC_WARN_UNUSED_VARIABLE = YES;
				MTL_ENABLE_DEBUG_INFO = NO;
				MTL_FAST_MATH = YES;
				SDKROOT = iphoneos;
				SWIFT_COMPILATION_MODE = wholemodule;
				SWIFT_OPTIMIZATION_LEVEL = "-O";
				VALIDATE_PRODUCT = YES;
			};
			name = Release;
		};
		B150E8CA25B4A4F400C215F3 /* Debug */ = {
			isa = XCBuildConfiguration;
			buildSettings = {
				ASSETCATALOG_COMPILER_COMPLICATION_NAME = Complication;
				CODE_SIGN_IDENTITY = "iPhone Distribution";
				CODE_SIGN_STYLE = Manual;
				DEVELOPMENT_ASSET_PATHS = "\"word_maker WatchKit Extension/Preview Content\"";
				DEVELOPMENT_TEAM = 54NHYSS93S;
				ENABLE_PREVIEWS = YES;
				INFOPLIST_FILE = "word_maker WatchKit Extension/Info.plist";
				LD_RUNPATH_SEARCH_PATHS = (
					"$(inherited)",
					"@executable_path/Frameworks",
					"@executable_path/../../Frameworks",
				);
				PRODUCT_BUNDLE_IDENTIFIER = com.jchip.word.maker.watchkitapp.watchkitextension;
				PRODUCT_NAME = "${TARGET_NAME}";
				PROVISIONING_PROFILE_SPECIFIER = "Word Maker Watch KitExtension Provision";
				SDKROOT = watchos;
				SKIP_INSTALL = YES;
				SWIFT_VERSION = 5.0;
				TARGETED_DEVICE_FAMILY = 4;
				WATCHOS_DEPLOYMENT_TARGET = 7.2;
			};
			name = Debug;
		};
		B150E8CB25B4A4F400C215F3 /* Release */ = {
			isa = XCBuildConfiguration;
			buildSettings = {
				ASSETCATALOG_COMPILER_COMPLICATION_NAME = Complication;
				CODE_SIGN_IDENTITY = "iPhone Distribution";
				CODE_SIGN_STYLE = Manual;
				DEVELOPMENT_ASSET_PATHS = "\"word_maker WatchKit Extension/Preview Content\"";
				DEVELOPMENT_TEAM = 54NHYSS93S;
				ENABLE_PREVIEWS = YES;
				INFOPLIST_FILE = "word_maker WatchKit Extension/Info.plist";
				LD_RUNPATH_SEARCH_PATHS = (
					"$(inherited)",
					"@executable_path/Frameworks",
					"@executable_path/../../Frameworks",
				);
				PRODUCT_BUNDLE_IDENTIFIER = com.jchip.word_maker.watchkitapp.watchkitextension;
				PRODUCT_NAME = "${TARGET_NAME}";
				PROVISIONING_PROFILE_SPECIFIER = "Word Maker Watch KitExtension Provision";
				SDKROOT = watchos;
				SKIP_INSTALL = YES;
				SWIFT_VERSION = 5.0;
				TARGETED_DEVICE_FAMILY = 4;
				WATCHOS_DEPLOYMENT_TARGET = 7.2;
			};
			name = Release;
		};
		B150E8CE25B4A4F400C215F3 /* Debug */ = {
			isa = XCBuildConfiguration;
			buildSettings = {
				ALWAYS_EMBED_SWIFT_STANDARD_LIBRARIES = YES;
				ASSETCATALOG_COMPILER_APPICON_NAME = AppIcon;
				ASSETCATALOG_COMPILER_GLOBAL_ACCENT_COLOR_NAME = AccentColor;
				CODE_SIGN_IDENTITY = "iPhone Distribution";
				CODE_SIGN_STYLE = Manual;
				DEVELOPMENT_TEAM = 54NHYSS93S;
				IBSC_MODULE = word_maker_WatchKit_Extension;
				INFOPLIST_FILE = "word_maker WatchKit App/Info.plist";
				PRODUCT_BUNDLE_IDENTIFIER = com.jchip.word.maker.watchkitapp;
				PRODUCT_NAME = "$(TARGET_NAME)";
				PROVISIONING_PROFILE_SPECIFIER = "Word Maker Watch KitApp Provision";
				SDKROOT = watchos;
				SKIP_INSTALL = YES;
				SWIFT_VERSION = 5.0;
				TARGETED_DEVICE_FAMILY = 4;
				WATCHOS_DEPLOYMENT_TARGET = 7.2;
			};
			name = Debug;
		};
		B150E8CF25B4A4F400C215F3 /* Release */ = {
			isa = XCBuildConfiguration;
			buildSettings = {
				ALWAYS_EMBED_SWIFT_STANDARD_LIBRARIES = YES;
				ASSETCATALOG_COMPILER_APPICON_NAME = AppIcon;
				ASSETCATALOG_COMPILER_GLOBAL_ACCENT_COLOR_NAME = AccentColor;
				CODE_SIGN_IDENTITY = "iPhone Distribution";
				CODE_SIGN_STYLE = Manual;
				DEVELOPMENT_TEAM = 54NHYSS93S;
				IBSC_MODULE = word_maker_WatchKit_Extension;
				INFOPLIST_FILE = "word_maker WatchKit App/Info.plist";
				PRODUCT_BUNDLE_IDENTIFIER = com.jchip.word.maker.watchkitapp;
				PRODUCT_NAME = "$(TARGET_NAME)";
				PROVISIONING_PROFILE_SPECIFIER = "Word Maker Watch KitApp Provision";
				SDKROOT = watchos;
				SKIP_INSTALL = YES;
				SWIFT_VERSION = 5.0;
				TARGETED_DEVICE_FAMILY = 4;
				WATCHOS_DEPLOYMENT_TARGET = 7.2;
			};
			name = Release;
		};
		B150E8D225B4A4F400C215F3 /* Debug */ = {
			isa = XCBuildConfiguration;
			buildSettings = {
				CODE_SIGN_IDENTITY = "iPhone Distribution";
				CODE_SIGN_STYLE = Manual;
				CURRENT_PROJECT_VERSION = 2;
				DEVELOPMENT_TEAM = 54NHYSS93S;
				MARKETING_VERSION = 1.0.2;
				PRODUCT_BUNDLE_IDENTIFIER = com.jchip.word.maker;
				PRODUCT_NAME = Boxman;
				PROVISIONING_PROFILE_SPECIFIER = "Word Maker Watch Provision";
				SWIFT_VERSION = 5.0;
			};
			name = Debug;
		};
		B150E8D325B4A4F400C215F3 /* Release */ = {
			isa = XCBuildConfiguration;
			buildSettings = {
				CODE_SIGN_IDENTITY = "iPhone Distribution";
				CODE_SIGN_STYLE = Manual;
				CURRENT_PROJECT_VERSION = 2;
				DEVELOPMENT_TEAM = 54NHYSS93S;
				MARKETING_VERSION = 1.0.2;
				PRODUCT_BUNDLE_IDENTIFIER = com.jchip.word.maker;
				PRODUCT_NAME = Boxman;
				PROVISIONING_PROFILE_SPECIFIER = "Word Maker Watch Provision";
				SWIFT_VERSION = 5.0;
			};
			name = Release;
		};
/* End XCBuildConfiguration section */

/* Begin XCConfigurationList section */
		B150E8A325B4A4F100C215F3 /* Build configuration list for PBXProject "word_maker" */ = {
			isa = XCConfigurationList;
			buildConfigurations = (
				B150E8C725B4A4F400C215F3 /* Debug */,
				B150E8C825B4A4F400C215F3 /* Release */,
			);
			defaultConfigurationIsVisible = 0;
			defaultConfigurationName = Release;
		};
		B150E8C925B4A4F400C215F3 /* Build configuration list for PBXNativeTarget "word_maker WatchKit Extension" */ = {
			isa = XCConfigurationList;
			buildConfigurations = (
				B150E8CA25B4A4F400C215F3 /* Debug */,
				B150E8CB25B4A4F400C215F3 /* Release */,
			);
			defaultConfigurationIsVisible = 0;
			defaultConfigurationName = Release;
		};
		B150E8CD25B4A4F400C215F3 /* Build configuration list for PBXNativeTarget "word_maker WatchKit App" */ = {
			isa = XCConfigurationList;
			buildConfigurations = (
				B150E8CE25B4A4F400C215F3 /* Debug */,
				B150E8CF25B4A4F400C215F3 /* Release */,
			);
			defaultConfigurationIsVisible = 0;
			defaultConfigurationName = Release;
		};
		B150E8D125B4A4F400C215F3 /* Build configuration list for PBXNativeTarget "word_maker" */ = {
			isa = XCConfigurationList;
			buildConfigurations = (
				B150E8D225B4A4F400C215F3 /* Debug */,
				B150E8D325B4A4F400C215F3 /* Release */,
			);
			defaultConfigurationIsVisible = 0;
			defaultConfigurationName = Release;
		};
/* End XCConfigurationList section */
	};
	rootObject = B150E8A025B4A4F100C215F3 /* Project object */;
}
